
Microsoft Visual Studio Solution File, Format Version 12.00
# Visual Studio Version 17
VisualStudioVersion = 17.10.35201.131
MinimumVisualStudioVersion = 10.0.40219.1
Project("{6EC3EE1D-3C4E-46DD-8F32-0CC8E7565705}") = "shpParser", "shpParser\shpParser.fsproj", "{A5A8D2AA-DC43-4CCA-91BD-5603CA25C4C8}"
EndProject
Project("{6EC3EE1D-3C4E-46DD-8F32-0CC8E7565705}") = "shpParser.Generators", "shpParser.Generators\shpParser.Generators.fsproj", "{E5218E47-6BC2-49BA-879C-4F41392CB27C}"
EndProject
Project("{6EC3EE1D-3C4E-46DD-8F32-0CC8E7565705}") = "TestProject1", "TestProject1\TestProject1.fsproj", "{6F80C6E6-B092-4FC1-88CE-EE9DF2426257}"
EndProject
Project("{FAE04EC0-301F-11D3-BF4B-00C04F79EFBC}") = "Geometry", "Geometry\Geometry.csproj", "{A7EB4B39-30EF-4108-BD53-D6127EDB2405}"
EndProject
Global
	GlobalSection(SolutionConfigurationPlatforms) = preSolution
		Debug|Any CPU = Debug|Any CPU
		Release|Any CPU = Release|Any CPU
	EndGlobalSection
	GlobalSection(ProjectConfigurationPlatforms) = postSolution
		{A5A8D2AA-DC43-4CCA-91BD-5603CA25C4C8}.Debug|Any CPU.ActiveCfg = Debug|Any CPU
		{A5A8D2AA-DC43-4CCA-91BD-5603CA25C4C8}.Debug|Any CPU.Build.0 = Debug|Any CPU
		{A5A8D2AA-DC43-4CCA-91BD-5603CA25C4C8}.Release|Any CPU.ActiveCfg = Release|Any CPU
		{A5A8D2AA-DC43-4CCA-91BD-5603CA25C4C8}.Release|Any CPU.Build.0 = Release|Any CPU
		{E5218E47-6BC2-49BA-879C-4F41392CB27C}.Debug|Any CPU.ActiveCfg = Debug|Any CPU
		{E5218E47-6BC2-49BA-879C-4F41392CB27C}.Debug|Any CPU.Build.0 = Debug|Any CPU
		{E5218E47-6BC2-49BA-879C-4F41392CB27C}.Release|Any CPU.ActiveCfg = Release|Any CPU
		{E5218E47-6BC2-49BA-879C-4F41392CB27C}.Release|Any CPU.Build.0 = Release|Any CPU
		{6F80C6E6-B092-4FC1-88CE-EE9DF2426257}.Debug|Any CPU.ActiveCfg = Debug|Any CPU
		{6F80C6E6-B092-4FC1-88CE-EE9DF2426257}.Debug|Any CPU.Build.0 = Debug|Any CPU
		{6F80C6E6-B092-4FC1-88CE-EE9DF2426257}.Release|Any CPU.ActiveCfg = Release|Any CPU
		{6F80C6E6-B092-4FC1-88CE-EE9DF2426257}.Release|Any CPU.Build.0 = Release|Any CPU
		{A7EB4B39-30EF-4108-BD53-D6127EDB2405}.Debug|Any CPU.ActiveCfg = Debug|Any CPU
		{A7EB4B39-30EF-4108-BD53-D6127EDB2405}.Debug|Any CPU.Build.0 = Debug|Any CPU
		{A7EB4B39-30EF-4108-BD53-D6127EDB2405}.Release|Any CPU.ActiveCfg = Release|Any CPU
		{A7EB4B39-30EF-4108-BD53-D6127EDB2405}.Release|Any CPU.Build.0 = Release|Any CPU
	EndGlobalSection
	GlobalSection(SolutionProperties) = preSolution
		HideSolutionNode = FALSE
	EndGlobalSection
	GlobalSection(ExtensibilityGlobals) = postSolution
		SolutionGuid = {ECC733C6-91A5-4053-9018-32E5E835514F}
	EndGlobalSection
EndGlobal
