
Microsoft Visual Studio Solution File, Format Version 12.00
# Visual Studio Version 17
VisualStudioVersion = 17.10.35201.131
MinimumVisualStudioVersion = 10.0.40219.1
Project("{6EC3EE1D-3C4E-46DD-8F32-0CC8E7565705}") = "shpParser", "shpParser\shpParser.fsproj", "{A5A8D2AA-DC43-4CCA-91BD-5603CA25C4C8}"
EndProject
Project("{6EC3EE1D-3C4E-46DD-8F32-0CC8E7565705}") = "shpParser.Generators", "shpParser.Generators\shpParser.Generators.fsproj", "{E5218E47-6BC2-49BA-879C-4F41392CB27C}"
EndProject
Project("{6EC3EE1D-3C4E-46DD-8F32-0CC8E7565705}") = "TestProject1", "TestProject1\TestProject1.fsproj", "{6F80C6E6-B092-4FC1-88CE-EE9DF2426257}"
EndProject
Project("{9A19103F-16F7-4668-BE54-9A1E7A4F7556}") = "Geometry", "Geometry\Geometry.csproj", "{A7EB4B39-30EF-4108-BD53-D6127EDB2405}"
EndProject
Project("{6EC3EE1D-3C4E-46DD-8F32-0CC8E7565705}") = "gains", "gains\gains.fsproj", "{BAE8379F-E362-42F6-AFAF-25DAB8D273EA}"
EndProject
Project("{6EC3EE1D-3C4E-46DD-8F32-0CC8E7565705}") = "DesignTestProject", "DesignTestProject\DesignTestProject.fsproj", "{A5569E3D-0ED2-4D01-89E9-398BD38EDF02}"
EndProject
Project("{F2A71F9B-5D33-465A-A702-920D77279786}") = "TssdTestProject", "TssdTestProject\TssdTestProject.fsproj", "{F249B8AB-2817-428E-A8A2-50DF9ABD388D}"
EndProject
Project("{F2A71F9B-5D33-465A-A702-920D77279786}") = "Chin2TestProject", "Chin2TestProject\Chin2TestProject.fsproj", "{B9CCA29D-3D9A-48B8-BBC0-76ACE07E34B8}"
EndProject
Project("{F2A71F9B-5D33-465A-A702-920D77279786}") = "XdxTestProject", "XdxTestProject\XdxTestProject.fsproj", "{8B81A2E1-E53D-4142-8B81-FF1EEAD9C9C1}"
EndProject
Project("{F2A71F9B-5D33-465A-A702-920D77279786}") = "SimplexTestProject", "SimplexTestProject\SimplexTestProject.fsproj", "{24FF6ED1-3E57-4719-A058-FC5EEEFCAA36}"
EndProject
Global
	GlobalSection(SolutionConfigurationPlatforms) = preSolution
		Debug|Any CPU = Debug|Any CPU
		Release|Any CPU = Release|Any CPU
	EndGlobalSection
	GlobalSection(ProjectConfigurationPlatforms) = postSolution
		{A5A8D2AA-DC43-4CCA-91BD-5603CA25C4C8}.Debug|Any CPU.ActiveCfg = Debug|Any CPU
		{A5A8D2AA-DC43-4CCA-91BD-5603CA25C4C8}.Debug|Any CPU.Build.0 = Debug|Any CPU
		{A5A8D2AA-DC43-4CCA-91BD-5603CA25C4C8}.Release|Any CPU.ActiveCfg = Release|Any CPU
		{A5A8D2AA-DC43-4CCA-91BD-5603CA25C4C8}.Release|Any CPU.Build.0 = Release|Any CPU
		{E5218E47-6BC2-49BA-879C-4F41392CB27C}.Debug|Any CPU.ActiveCfg = Debug|Any CPU
		{E5218E47-6BC2-49BA-879C-4F41392CB27C}.Debug|Any CPU.Build.0 = Debug|Any CPU
		{E5218E47-6BC2-49BA-879C-4F41392CB27C}.Release|Any CPU.ActiveCfg = Release|Any CPU
		{E5218E47-6BC2-49BA-879C-4F41392CB27C}.Release|Any CPU.Build.0 = Release|Any CPU
		{6F80C6E6-B092-4FC1-88CE-EE9DF2426257}.Debug|Any CPU.ActiveCfg = Debug|Any CPU
		{6F80C6E6-B092-4FC1-88CE-EE9DF2426257}.Debug|Any CPU.Build.0 = Debug|Any CPU
		{6F80C6E6-B092-4FC1-88CE-EE9DF2426257}.Release|Any CPU.ActiveCfg = Release|Any CPU
		{6F80C6E6-B092-4FC1-88CE-EE9DF2426257}.Release|Any CPU.Build.0 = Release|Any CPU
		{A7EB4B39-30EF-4108-BD53-D6127EDB2405}.Debug|Any CPU.ActiveCfg = Debug|Any CPU
		{A7EB4B39-30EF-4108-BD53-D6127EDB2405}.Debug|Any CPU.Build.0 = Debug|Any CPU
		{A7EB4B39-30EF-4108-BD53-D6127EDB2405}.Release|Any CPU.ActiveCfg = Release|Any CPU
		{A7EB4B39-30EF-4108-BD53-D6127EDB2405}.Release|Any CPU.Build.0 = Release|Any CPU
		{BAE8379F-E362-42F6-AFAF-25DAB8D273EA}.Debug|Any CPU.ActiveCfg = Debug|Any CPU
		{BAE8379F-E362-42F6-AFAF-25DAB8D273EA}.Debug|Any CPU.Build.0 = Debug|Any CPU
		{BAE8379F-E362-42F6-AFAF-25DAB8D273EA}.Release|Any CPU.ActiveCfg = Release|Any CPU
		{BAE8379F-E362-42F6-AFAF-25DAB8D273EA}.Release|Any CPU.Build.0 = Release|Any CPU
		{A5569E3D-0ED2-4D01-89E9-398BD38EDF02}.Debug|Any CPU.ActiveCfg = Debug|Any CPU
		{A5569E3D-0ED2-4D01-89E9-398BD38EDF02}.Debug|Any CPU.Build.0 = Debug|Any CPU
		{A5569E3D-0ED2-4D01-89E9-398BD38EDF02}.Release|Any CPU.ActiveCfg = Release|Any CPU
		{A5569E3D-0ED2-4D01-89E9-398BD38EDF02}.Release|Any CPU.Build.0 = Release|Any CPU
		{F249B8AB-2817-428E-A8A2-50DF9ABD388D}.Debug|Any CPU.ActiveCfg = Debug|Any CPU
		{F249B8AB-2817-428E-A8A2-50DF9ABD388D}.Debug|Any CPU.Build.0 = Debug|Any CPU
		{F249B8AB-2817-428E-A8A2-50DF9ABD388D}.Release|Any CPU.ActiveCfg = Release|Any CPU
		{F249B8AB-2817-428E-A8A2-50DF9ABD388D}.Release|Any CPU.Build.0 = Release|Any CPU
		{B9CCA29D-3D9A-48B8-BBC0-76ACE07E34B8}.Debug|Any CPU.ActiveCfg = Debug|Any CPU
		{B9CCA29D-3D9A-48B8-BBC0-76ACE07E34B8}.Debug|Any CPU.Build.0 = Debug|Any CPU
		{B9CCA29D-3D9A-48B8-BBC0-76ACE07E34B8}.Release|Any CPU.ActiveCfg = Release|Any CPU
		{B9CCA29D-3D9A-48B8-BBC0-76ACE07E34B8}.Release|Any CPU.Build.0 = Release|Any CPU
		{8B81A2E1-E53D-4142-8B81-FF1EEAD9C9C1}.Debug|Any CPU.ActiveCfg = Debug|Any CPU
		{8B81A2E1-E53D-4142-8B81-FF1EEAD9C9C1}.Debug|Any CPU.Build.0 = Debug|Any CPU
		{8B81A2E1-E53D-4142-8B81-FF1EEAD9C9C1}.Release|Any CPU.ActiveCfg = Release|Any CPU
		{8B81A2E1-E53D-4142-8B81-FF1EEAD9C9C1}.Release|Any CPU.Build.0 = Release|Any CPU
		{24FF6ED1-3E57-4719-A058-FC5EEEFCAA36}.Debug|Any CPU.ActiveCfg = Debug|Any CPU
		{24FF6ED1-3E57-4719-A058-FC5EEEFCAA36}.Debug|Any CPU.Build.0 = Debug|Any CPU
		{24FF6ED1-3E57-4719-A058-FC5EEEFCAA36}.Release|Any CPU.ActiveCfg = Release|Any CPU
		{24FF6ED1-3E57-4719-A058-FC5EEEFCAA36}.Release|Any CPU.Build.0 = Release|Any CPU
	EndGlobalSection
	GlobalSection(SolutionProperties) = preSolution
		HideSolutionNode = FALSE
	EndGlobalSection
	GlobalSection(ExtensibilityGlobals) = postSolution
		SolutionGuid = {ECC733C6-91A5-4053-9018-32E5E835514F}
	EndGlobalSection
EndGlobal
